// !$*UTF8*$!
{
	archiveVersion = 1;
	classes = {
	};
	objectVersion = 46;
	objects = {

/* Begin PBXBuildFile section */
		69A6D0691EFCAA3800086F10 /* AppDelegate.swift in Sources */ = {isa = PBXBuildFile; fileRef = 69A6D0681EFCAA3800086F10 /* AppDelegate.swift */; };
		69A6D06B1EFCAA3800086F10 /* ViewController.swift in Sources */ = {isa = PBXBuildFile; fileRef = 69A6D06A1EFCAA3800086F10 /* ViewController.swift */; };
		69A6D06E1EFCAA3800086F10 /* Main.storyboard in Resources */ = {isa = PBXBuildFile; fileRef = 69A6D06C1EFCAA3800086F10 /* Main.storyboard */; };
		69A6D0701EFCAA3800086F10 /* Assets.xcassets in Resources */ = {isa = PBXBuildFile; fileRef = 69A6D06F1EFCAA3800086F10 /* Assets.xcassets */; };
		69A6D0731EFCAA3800086F10 /* LaunchScreen.storyboard in Resources */ = {isa = PBXBuildFile; fileRef = 69A6D0711EFCAA3800086F10 /* LaunchScreen.storyboard */; };
		69A6D07E1EFCAA3800086F10 /* SpringAnimationTests.swift in Sources */ = {isa = PBXBuildFile; fileRef = 69A6D07D1EFCAA3800086F10 /* SpringAnimationTests.swift */; };
		69A6D0891EFCAA3800086F10 /* SpringAnimationUITests.swift in Sources */ = {isa = PBXBuildFile; fileRef = 69A6D0881EFCAA3800086F10 /* SpringAnimationUITests.swift */; };
		69A6D0971EFCB36700086F10 /* DYButtonView.swift in Sources */ = {isa = PBXBuildFile; fileRef = 69A6D0961EFCB36700086F10 /* DYButtonView.swift */; };
		69A6D0991EFCB38E00086F10 /* DYShareView.swift in Sources */ = {isa = PBXBuildFile; fileRef = 69A6D0981EFCB38E00086F10 /* DYShareView.swift */; };
		69A6D09F1EFE184200086F10 /* QQ.png in Resources */ = {isa = PBXBuildFile; fileRef = 69A6D09A1EFE184200086F10 /* QQ.png */; };
		69A6D0A01EFE184200086F10 /* QQZone.png in Resources */ = {isa = PBXBuildFile; fileRef = 69A6D09B1EFE184200086F10 /* QQZone.png */; };
		69A6D0A11EFE184200086F10 /* WeiBo.png in Resources */ = {isa = PBXBuildFile; fileRef = 69A6D09C1EFE184200086F10 /* WeiBo.png */; };
		69A6D0A21EFE184200086F10 /* WeiChat.png in Resources */ = {isa = PBXBuildFile; fileRef = 69A6D09D1EFE184200086F10 /* WeiChat.png */; };
		69A6D0A31EFE184200086F10 /* WeiChatline.png in Resources */ = {isa = PBXBuildFile; fileRef = 69A6D09E1EFE184200086F10 /* WeiChatline.png */; };
/* End PBXBuildFile section */

/* Begin PBXContainerItemProxy section */
		69A6D07A1EFCAA3800086F10 /* PBXContainerItemProxy */ = {
			isa = PBXContainerItemProxy;
			containerPortal = 69A6D05D1EFCAA3800086F10 /* Project object */;
			proxyType = 1;
			remoteGlobalIDString = 69A6D0641EFCAA3800086F10;
			remoteInfo = SpringAnimation;
		};
		69A6D0851EFCAA3800086F10 /* PBXContainerItemProxy */ = {
			isa = PBXContainerItemProxy;
			containerPortal = 69A6D05D1EFCAA3800086F10 /* Project object */;
			proxyType = 1;
			remoteGlobalIDString = 69A6D0641EFCAA3800086F10;
			remoteInfo = SpringAnimation;
		};
/* End PBXContainerItemProxy section */

/* Begin PBXFileReference section */
		69A6D0651EFCAA3800086F10 /* SpringAnimation.app */ = {isa = PBXFileReference; explicitFileType = wrapper.application; includeInIndex = 0; path = SpringAnimation.app; sourceTree = BUILT_PRODUCTS_DIR; };
		69A6D0681EFCAA3800086F10 /* AppDelegate.swift */ = {isa = PBXFileReference; lastKnownFileType = sourcecode.swift; path = AppDelegate.swift; sourceTree = "<group>"; };
		69A6D06A1EFCAA3800086F10 /* ViewController.swift */ = {isa = PBXFileReference; lastKnownFileType = sourcecode.swift; path = ViewController.swift; sourceTree = "<group>"; };
		69A6D06D1EFCAA3800086F10 /* Base */ = {isa = PBXFileReference; lastKnownFileType = file.storyboard; name = Base; path = Base.lproj/Main.storyboard; sourceTree = "<group>"; };
		69A6D06F1EFCAA3800086F10 /* Assets.xcassets */ = {isa = PBXFileReference; lastKnownFileType = folder.assetcatalog; path = Assets.xcassets; sourceTree = "<group>"; };
		69A6D0721EFCAA3800086F10 /* Base */ = {isa = PBXFileReference; lastKnownFileType = file.storyboard; name = Base; path = Base.lproj/LaunchScreen.storyboard; sourceTree = "<group>"; };
		69A6D0741EFCAA3800086F10 /* Info.plist */ = {isa = PBXFileReference; lastKnownFileType = text.plist.xml; path = Info.plist; sourceTree = "<group>"; };
		69A6D0791EFCAA3800086F10 /* SpringAnimationTests.xctest */ = {isa = PBXFileReference; explicitFileType = wrapper.cfbundle; includeInIndex = 0; path = SpringAnimationTests.xctest; sourceTree = BUILT_PRODUCTS_DIR; };
		69A6D07D1EFCAA3800086F10 /* SpringAnimationTests.swift */ = {isa = PBXFileReference; lastKnownFileType = sourcecode.swift; path = SpringAnimationTests.swift; sourceTree = "<group>"; };
		69A6D07F1EFCAA3800086F10 /* Info.plist */ = {isa = PBXFileReference; lastKnownFileType = text.plist.xml; path = Info.plist; sourceTree = "<group>"; };
		69A6D0841EFCAA3800086F10 /* SpringAnimationUITests.xctest */ = {isa = PBXFileReference; explicitFileType = wrapper.cfbundle; includeInIndex = 0; path = SpringAnimationUITests.xctest; sourceTree = BUILT_PRODUCTS_DIR; };
		69A6D0881EFCAA3800086F10 /* SpringAnimationUITests.swift */ = {isa = PBXFileReference; lastKnownFileType = sourcecode.swift; path = SpringAnimationUITests.swift; sourceTree = "<group>"; };
		69A6D08A1EFCAA3800086F10 /* Info.plist */ = {isa = PBXFileReference; lastKnownFileType = text.plist.xml; path = Info.plist; sourceTree = "<group>"; };
		69A6D0961EFCB36700086F10 /* DYButtonView.swift */ = {isa = PBXFileReference; fileEncoding = 4; lastKnownFileType = sourcecode.swift; path = DYButtonView.swift; sourceTree = "<group>"; };
		69A6D0981EFCB38E00086F10 /* DYShareView.swift */ = {isa = PBXFileReference; fileEncoding = 4; lastKnownFileType = sourcecode.swift; path = DYShareView.swift; sourceTree = "<group>"; };
		69A6D09A1EFE184200086F10 /* QQ.png */ = {isa = PBXFileReference; lastKnownFileType = image.png; path = QQ.png; sourceTree = "<group>"; };
		69A6D09B1EFE184200086F10 /* QQZone.png */ = {isa = PBXFileReference; lastKnownFileType = image.png; path = QQZone.png; sourceTree = "<group>"; };
		69A6D09C1EFE184200086F10 /* WeiBo.png */ = {isa = PBXFileReference; lastKnownFileType = image.png; path = WeiBo.png; sourceTree = "<group>"; };
		69A6D09D1EFE184200086F10 /* WeiChat.png */ = {isa = PBXFileReference; lastKnownFileType = image.png; path = WeiChat.png; sourceTree = "<group>"; };
		69A6D09E1EFE184200086F10 /* WeiChatline.png */ = {isa = PBXFileReference; lastKnownFileType = image.png; path = WeiChatline.png; sourceTree = "<group>"; };
/* End PBXFileReference section */

/* Begin PBXFrameworksBuildPhase section */
		69A6D0621EFCAA3800086F10 /* Frameworks */ = {
			isa = PBXFrameworksBuildPhase;
			buildActionMask = 2147483647;
			files = (
			);
			runOnlyForDeploymentPostprocessing = 0;
		};
		69A6D0761EFCAA3800086F10 /* Frameworks */ = {
			isa = PBXFrameworksBuildPhase;
			buildActionMask = 2147483647;
			files = (
			);
			runOnlyForDeploymentPostprocessing = 0;
		};
		69A6D0811EFCAA3800086F10 /* Frameworks */ = {
			isa = PBXFrameworksBuildPhase;
			buildActionMask = 2147483647;
			files = (
			);
			runOnlyForDeploymentPostprocessing = 0;
		};
/* End PBXFrameworksBuildPhase section */

/* Begin PBXGroup section */
		69A6D05C1EFCAA3800086F10 = {
			isa = PBXGroup;
			children = (
				69A6D0671EFCAA3800086F10 /* SpringAnimation */,
				69A6D07C1EFCAA3800086F10 /* SpringAnimationTests */,
				69A6D0871EFCAA3800086F10 /* SpringAnimationUITests */,
				69A6D0661EFCAA3800086F10 /* Products */,
			);
			sourceTree = "<group>";
		};
		69A6D0661EFCAA3800086F10 /* Products */ = {
			isa = PBXGroup;
			children = (
				69A6D0651EFCAA3800086F10 /* SpringAnimation.app */,
				69A6D0791EFCAA3800086F10 /* SpringAnimationTests.xctest */,
				69A6D0841EFCAA3800086F10 /* SpringAnimationUITests.xctest */,
			);
			name = Products;
			sourceTree = "<group>";
		};
		69A6D0671EFCAA3800086F10 /* SpringAnimation */ = {
			isa = PBXGroup;
			children = (
				69A6D0681EFCAA3800086F10 /* AppDelegate.swift */,
				69A6D06A1EFCAA3800086F10 /* ViewController.swift */,
				69A6D0961EFCB36700086F10 /* DYButtonView.swift */,
				69A6D0981EFCB38E00086F10 /* DYShareView.swift */,
				69A6D06C1EFCAA3800086F10 /* Main.storyboard */,
				69A6D06F1EFCAA3800086F10 /* Assets.xcassets */,
				69A6D0711EFCAA3800086F10 /* LaunchScreen.storyboard */,
				69A6D09A1EFE184200086F10 /* QQ.png */,
				69A6D09B1EFE184200086F10 /* QQZone.png */,
				69A6D09C1EFE184200086F10 /* WeiBo.png */,
				69A6D09D1EFE184200086F10 /* WeiChat.png */,
				69A6D09E1EFE184200086F10 /* WeiChatline.png */,
				69A6D0741EFCAA3800086F10 /* Info.plist */,
			);
			path = SpringAnimation;
			sourceTree = "<group>";
		};
		69A6D07C1EFCAA3800086F10 /* SpringAnimationTests */ = {
			isa = PBXGroup;
			children = (
				69A6D07D1EFCAA3800086F10 /* SpringAnimationTests.swift */,
				69A6D07F1EFCAA3800086F10 /* Info.plist */,
			);
			path = SpringAnimationTests;
			sourceTree = "<group>";
		};
		69A6D0871EFCAA3800086F10 /* SpringAnimationUITests */ = {
			isa = PBXGroup;
			children = (
				69A6D0881EFCAA3800086F10 /* SpringAnimationUITests.swift */,
				69A6D08A1EFCAA3800086F10 /* Info.plist */,
			);
			path = SpringAnimationUITests;
			sourceTree = "<group>";
		};
/* End PBXGroup section */

/* Begin PBXNativeTarget section */
		69A6D0641EFCAA3800086F10 /* SpringAnimation */ = {
			isa = PBXNativeTarget;
			buildConfigurationList = 69A6D08D1EFCAA3800086F10 /* Build configuration list for PBXNativeTarget "SpringAnimation" */;
			buildPhases = (
				69A6D0611EFCAA3800086F10 /* Sources */,
				69A6D0621EFCAA3800086F10 /* Frameworks */,
				69A6D0631EFCAA3800086F10 /* Resources */,
			);
			buildRules = (
			);
			dependencies = (
			);
			name = SpringAnimation;
			productName = SpringAnimation;
			productReference = 69A6D0651EFCAA3800086F10 /* SpringAnimation.app */;
			productType = "com.apple.product-type.application";
		};
		69A6D0781EFCAA3800086F10 /* SpringAnimationTests */ = {
			isa = PBXNativeTarget;
			buildConfigurationList = 69A6D0901EFCAA3800086F10 /* Build configuration list for PBXNativeTarget "SpringAnimationTests" */;
			buildPhases = (
				69A6D0751EFCAA3800086F10 /* Sources */,
				69A6D0761EFCAA3800086F10 /* Frameworks */,
				69A6D0771EFCAA3800086F10 /* Resources */,
			);
			buildRules = (
			);
			dependencies = (
				69A6D07B1EFCAA3800086F10 /* PBXTargetDependency */,
			);
			name = SpringAnimationTests;
			productName = SpringAnimationTests;
			productReference = 69A6D0791EFCAA3800086F10 /* SpringAnimationTests.xctest */;
			productType = "com.apple.product-type.bundle.unit-test";
		};
		69A6D0831EFCAA3800086F10 /* SpringAnimationUITests */ = {
			isa = PBXNativeTarget;
			buildConfigurationList = 69A6D0931EFCAA3800086F10 /* Build configuration list for PBXNativeTarget "SpringAnimationUITests" */;
			buildPhases = (
				69A6D0801EFCAA3800086F10 /* Sources */,
				69A6D0811EFCAA3800086F10 /* Frameworks */,
				69A6D0821EFCAA3800086F10 /* Resources */,
			);
			buildRules = (
			);
			dependencies = (
				69A6D0861EFCAA3800086F10 /* PBXTargetDependency */,
			);
			name = SpringAnimationUITests;
			productName = SpringAnimationUITests;
			productReference = 69A6D0841EFCAA3800086F10 /* SpringAnimationUITests.xctest */;
			productType = "com.apple.product-type.bundle.ui-testing";
		};
/* End PBXNativeTarget section */

/* Begin PBXProject section */
		69A6D05D1EFCAA3800086F10 /* Project object */ = {
			isa = PBXProject;
			attributes = {
				LastSwiftUpdateCheck = 0830;
				LastUpgradeCheck = 0830;
				ORGANIZATIONNAME = dyLiu;
				TargetAttributes = {
					69A6D0641EFCAA3800086F10 = {
						CreatedOnToolsVersion = 8.3.2;
						DevelopmentTeam = W4CV76RB68;
						ProvisioningStyle = Automatic;
					};
					69A6D0781EFCAA3800086F10 = {
						CreatedOnToolsVersion = 8.3.2;
						DevelopmentTeam = W4CV76RB68;
						ProvisioningStyle = Automatic;
						TestTargetID = 69A6D0641EFCAA3800086F10;
					};
					69A6D0831EFCAA3800086F10 = {
						CreatedOnToolsVersion = 8.3.2;
						DevelopmentTeam = W4CV76RB68;
						ProvisioningStyle = Automatic;
						TestTargetID = 69A6D0641EFCAA3800086F10;
					};
				};
			};
			buildConfigurationList = 69A6D0601EFCAA3800086F10 /* Build configuration list for PBXProject "SpringAnimation" */;
			compatibilityVersion = "Xcode 3.2";
			developmentRegion = English;
			hasScannedForEncodings = 0;
			knownRegions = (
				en,
				Base,
			);
			mainGroup = 69A6D05C1EFCAA3800086F10;
			productRefGroup = 69A6D0661EFCAA3800086F10 /* Products */;
			projectDirPath = "";
			projectRoot = "";
			targets = (
				69A6D0641EFCAA3800086F10 /* SpringAnimation */,
				69A6D0781EFCAA3800086F10 /* SpringAnimationTests */,
				69A6D0831EFCAA3800086F10 /* SpringAnimationUITests */,
			);
		};
/* End PBXProject section */

/* Begin PBXResourcesBuildPhase section */
		69A6D0631EFCAA3800086F10 /* Resources */ = {
			isa = PBXResourcesBuildPhase;
			buildActionMask = 2147483647;
			files = (
				69A6D0A11EFE184200086F10 /* WeiBo.png in Resources */,
				69A6D0731EFCAA3800086F10 /* LaunchScreen.storyboard in Resources */,
				69A6D0A01EFE184200086F10 /* QQZone.png in Resources */,
				69A6D0A21EFE184200086F10 /* WeiChat.png in Resources */,
				69A6D0701EFCAA3800086F10 /* Assets.xcassets in Resources */,
				69A6D06E1EFCAA3800086F10 /* Main.storyboard in Resources */,
				69A6D09F1EFE184200086F10 /* QQ.png in Resources */,
				69A6D0A31EFE184200086F10 /* WeiChatline.png in Resources */,
			);
			runOnlyForDeploymentPostprocessing = 0;
		};
		69A6D0771EFCAA3800086F10 /* Resources */ = {
			isa = PBXResourcesBuildPhase;
			buildActionMask = 2147483647;
			files = (
			);
			runOnlyForDeploymentPostprocessing = 0;
		};
		69A6D0821EFCAA3800086F10 /* Resources */ = {
			isa = PBXResourcesBuildPhase;
			buildActionMask = 2147483647;
			files = (
			);
			runOnlyForDeploymentPostprocessing = 0;
		};
/* End PBXResourcesBuildPhase section */

/* Begin PBXSourcesBuildPhase section */
		69A6D0611EFCAA3800086F10 /* Sources */ = {
			isa = PBXSourcesBuildPhase;
			buildActionMask = 2147483647;
			files = (
				69A6D06B1EFCAA3800086F10 /* ViewController.swift in Sources */,
				69A6D0691EFCAA3800086F10 /* AppDelegate.swift in Sources */,
				69A6D0971EFCB36700086F10 /* DYButtonView.swift in Sources */,
				69A6D0991EFCB38E00086F10 /* DYShareView.swift in Sources */,
			);
			runOnlyForDeploymentPostprocessing = 0;
		};
		69A6D0751EFCAA3800086F10 /* Sources */ = {
			isa = PBXSourcesBuildPhase;
			buildActionMask = 2147483647;
			files = (
				69A6D07E1EFCAA3800086F10 /* SpringAnimationTests.swift in Sources */,
			);
			runOnlyForDeploymentPostprocessing = 0;
		};
		69A6D0801EFCAA3800086F10 /* Sources */ = {
			isa = PBXSourcesBuildPhase;
			buildActionMask = 2147483647;
			files = (
				69A6D0891EFCAA3800086F10 /* SpringAnimationUITests.swift in Sources */,
			);
			runOnlyForDeploymentPostprocessing = 0;
		};
/* End PBXSourcesBuildPhase section */

/* Begin PBXTargetDependency section */
		69A6D07B1EFCAA3800086F10 /* PBXTargetDependency */ = {
			isa = PBXTargetDependency;
			target = 69A6D0641EFCAA3800086F10 /* SpringAnimation */;
			targetProxy = 69A6D07A1EFCAA3800086F10 /* PBXContainerItemProxy */;
		};
		69A6D0861EFCAA3800086F10 /* PBXTargetDependency */ = {
			isa = PBXTargetDependency;
			target = 69A6D0641EFCAA3800086F10 /* SpringAnimation */;
			targetProxy = 69A6D0851EFCAA3800086F10 /* PBXContainerItemProxy */;
		};
/* End PBXTargetDependency section */

/* Begin PBXVariantGroup section */
		69A6D06C1EFCAA3800086F10 /* Main.storyboard */ = {
			isa = PBXVariantGroup;
			children = (
				69A6D06D1EFCAA3800086F10 /* Base */,
			);
			name = Main.storyboard;
			sourceTree = "<group>";
		};
		69A6D0711EFCAA3800086F10 /* LaunchScreen.storyboard */ = {
			isa = PBXVariantGroup;
			children = (
				69A6D0721EFCAA3800086F10 /* Base */,
			);
			name = LaunchScreen.storyboard;
			sourceTree = "<group>";
		};
/* End PBXVariantGroup section */

/* Begin XCBuildConfiguration section */
		69A6D08B1EFCAA3800086F10 /* Debug */ = {
			isa = XCBuildConfiguration;
			buildSettings = {
				ALWAYS_SEARCH_USER_PATHS = NO;
				CLANG_ANALYZER_NONNULL = YES;
				CLANG_ANALYZER_NUMBER_OBJECT_CONVERSION = YES_AGGRESSIVE;
				CLANG_CXX_LANGUAGE_STANDARD = "gnu++0x";
				CLANG_CXX_LIBRARY = "libc++";
				CLANG_ENABLE_MODULES = YES;
				CLANG_ENABLE_OBJC_ARC = YES;
				CLANG_WARN_BOOL_CONVERSION = YES;
				CLANG_WARN_CONSTANT_CONVERSION = YES;
				CLANG_WARN_DIRECT_OBJC_ISA_USAGE = YES_ERROR;
				CLANG_WARN_DOCUMENTATION_COMMENTS = YES;
				CLANG_WARN_EMPTY_BODY = YES;
				CLANG_WARN_ENUM_CONVERSION = YES;
				CLANG_WARN_INFINITE_RECURSION = YES;
				CLANG_WARN_INT_CONVERSION = YES;
				CLANG_WARN_OBJC_ROOT_CLASS = YES_ERROR;
				CLANG_WARN_SUSPICIOUS_MOVE = YES;
				CLANG_WARN_UNREACHABLE_CODE = YES;
				CLANG_WARN__DUPLICATE_METHOD_MATCH = YES;
				"CODE_SIGN_IDENTITY[sdk=iphoneos*]" = "iPhone Developer";
				COPY_PHASE_STRIP = NO;
				DEBUG_INFORMATION_FORMAT = dwarf;
				ENABLE_STRICT_OBJC_MSGSEND = YES;
				ENABLE_TESTABILITY = YES;
				GCC_C_LANGUAGE_STANDARD = gnu99;
				GCC_DYNAMIC_NO_PIC = NO;
				GCC_NO_COMMON_BLOCKS = YES;
				GCC_OPTIMIZATION_LEVEL = 0;
				GCC_PREPROCESSOR_DEFINITIONS = (
					"DEBUG=1",
					"$(inherited)",
				);
				GCC_WARN_64_TO_32_BIT_CONVERSION = YES;
				GCC_WARN_ABOUT_RETURN_TYPE = YES_ERROR;
				GCC_WARN_UNDECLARED_SELECTOR = YES;
				GCC_WARN_UNINITIALIZED_AUTOS = YES_AGGRESSIVE;
				GCC_WARN_UNUSED_FUNCTION = YES;
				GCC_WARN_UNUSED_VARIABLE = YES;
				IPHONEOS_DEPLOYMENT_TARGET = 10.3;
				MTL_ENABLE_DEBUG_INFO = YES;
				ONLY_ACTIVE_ARCH = YES;
				SDKROOT = iphoneos;
				SWIFT_ACTIVE_COMPILATION_CONDITIONS = DEBUG;
				SWIFT_OPTIMIZATION_LEVEL = "-Onone";
				TARGETED_DEVICE_FAMILY = "1,2";
			};
			name = Debug;
		};
		69A6D08C1EFCAA3800086F10 /* Release */ = {
			isa = XCBuildConfiguration;
			buildSettings = {
				ALWAYS_SEARCH_USER_PATHS = NO;
				CLANG_ANALYZER_NONNULL = YES;
				CLANG_ANALYZER_NUMBER_OBJECT_CONVERSION = YES_AGGRESSIVE;
				CLANG_CXX_LANGUAGE_STANDARD = "gnu++0x";
				CLANG_CXX_LIBRARY = "libc++";
				CLANG_ENABLE_MODULES = YES;
				CLANG_ENABLE_OBJC_ARC = YES;
				CLANG_WARN_BOOL_CONVERSION = YES;
				CLANG_WARN_CONSTANT_CONVERSION = YES;
				CLANG_WARN_DIRECT_OBJC_ISA_USAGE = YES_ERROR;
				CLANG_WARN_DOCUMENTATION_COMMENTS = YES;
				CLANG_WARN_EMPTY_BODY = YES;
				CLANG_WARN_ENUM_CONVERSION = YES;
				CLANG_WARN_INFINITE_RECURSION = YES;
				CLANG_WARN_INT_CONVERSION = YES;
				CLANG_WARN_OBJC_ROOT_CLASS = YES_ERROR;
				CLANG_WARN_SUSPICIOUS_MOVE = YES;
				CLANG_WARN_UNREACHABLE_CODE = YES;
				CLANG_WARN__DUPLICATE_METHOD_MATCH = YES;
				"CODE_SIGN_IDENTITY[sdk=iphoneos*]" = "iPhone Developer";
				COPY_PHASE_STRIP = NO;
				DEBUG_INFORMATION_FORMAT = "dwarf-with-dsym";
				ENABLE_NS_ASSERTIONS = NO;
				ENABLE_STRICT_OBJC_MSGSEND = YES;
				GCC_C_LANGUAGE_STANDARD = gnu99;
				GCC_NO_COMMON_BLOCKS = YES;
				GCC_WARN_64_TO_32_BIT_CONVERSION = YES;
				GCC_WARN_ABOUT_RETURN_TYPE = YES_ERROR;
				GCC_WARN_UNDECLARED_SELECTOR = YES;
				GCC_WARN_UNINITIALIZED_AUTOS = YES_AGGRESSIVE;
				GCC_WARN_UNUSED_FUNCTION = YES;
				GCC_WARN_UNUSED_VARIABLE = YES;
				IPHONEOS_DEPLOYMENT_TARGET = 10.3;
				MTL_ENABLE_DEBUG_INFO = NO;
				SDKROOT = iphoneos;
				SWIFT_OPTIMIZATION_LEVEL = "-Owholemodule";
				TARGETED_DEVICE_FAMILY = "1,2";
				VALIDATE_PRODUCT = YES;
			};
			name = Release;
		};
		69A6D08E1EFCAA3800086F10 /* Debug */ = {
			isa = XCBuildConfiguration;
			buildSettings = {
				ASSETCATALOG_COMPILER_APPICON_NAME = AppIcon;
				DEVELOPMENT_TEAM = W4CV76RB68;
				INFOPLIST_FILE = SpringAnimation/Info.plist;
				LD_RUNPATH_SEARCH_PATHS = "$(inherited) @executable_path/Frameworks";
				PRODUCT_BUNDLE_IDENTIFIER = com.SpringAnimation;
				PRODUCT_NAME = "$(TARGET_NAME)";
				SWIFT_VERSION = 3.0;
			};
			name = Debug;
		};
		69A6D08F1EFCAA3800086F10 /* Release */ = {
			isa = XCBuildConfiguration;
			buildSettings = {
				ASSETCATALOG_COMPILER_APPICON_NAME = AppIcon;
				DEVELOPMENT_TEAM = W4CV76RB68;
				INFOPLIST_FILE = SpringAnimation/Info.plist;
				LD_RUNPATH_SEARCH_PATHS = "$(inherited) @executable_path/Frameworks";
				PRODUCT_BUNDLE_IDENTIFIER = com.SpringAnimation;
				PRODUCT_NAME = "$(TARGET_NAME)";
				SWIFT_VERSION = 3.0;
			};
			name = Release;
		};
		69A6D0911EFCAA3800086F10 /* Debug */ = {
			isa = XCBuildConfiguration;
			buildSettings = {
				ALWAYS_EMBED_SWIFT_STANDARD_LIBRARIES = YES;
				BUNDLE_LOADER = "$(TEST_HOST)";
				DEVELOPMENT_TEAM = W4CV76RB68;
				INFOPLIST_FILE = SpringAnimationTests/Info.plist;
				LD_RUNPATH_SEARCH_PATHS = "$(inherited) @executable_path/Frameworks @loader_path/Frameworks";
				PRODUCT_BUNDLE_IDENTIFIER = com.SpringAnimationTests;
				PRODUCT_NAME = "$(TARGET_NAME)";
				SWIFT_VERSION = 3.0;
				TEST_HOST = "$(BUILT_PRODUCTS_DIR)/SpringAnimation.app/SpringAnimation";
			};
			name = Debug;
		};
		69A6D0921EFCAA3800086F10 /* Release */ = {
			isa = XCBuildConfiguration;
			buildSettings = {
				ALWAYS_EMBED_SWIFT_STANDARD_LIBRARIES = YES;
				BUNDLE_LOADER = "$(TEST_HOST)";
				DEVELOPMENT_TEAM = W4CV76RB68;
				INFOPLIST_FILE = SpringAnimationTests/Info.plist;
				LD_RUNPATH_SEARCH_PATHS = "$(inherited) @executable_path/Frameworks @loader_path/Frameworks";
				PRODUCT_BUNDLE_IDENTIFIER = com.SpringAnimationTests;
				PRODUCT_NAME = "$(TARGET_NAME)";
				SWIFT_VERSION = 3.0;
				TEST_HOST = "$(BUILT_PRODUCTS_DIR)/SpringAnimation.app/SpringAnimation";
			};
			name = Release;
		};
		69A6D0941EFCAA3800086F10 /* Debug */ = {
			isa = XCBuildConfiguration;
			buildSettings = {
				ALWAYS_EMBED_SWIFT_STANDARD_LIBRARIES = YES;
				DEVELOPMENT_TEAM = W4CV76RB68;
				INFOPLIST_FILE = SpringAnimationUITests/Info.plist;
				LD_RUNPATH_SEARCH_PATHS = "$(inherited) @executable_path/Frameworks @loader_path/Frameworks";
				PRODUCT_BUNDLE_IDENTIFIER = com.SpringAnimationUITests;
				PRODUCT_NAME = "$(TARGET_NAME)";
				SWIFT_VERSION = 3.0;
				TEST_TARGET_NAME = SpringAnimation;
			};
			name = Debug;
		};
		69A6D0951EFCAA3800086F10 /* Release */ = {
			isa = XCBuildConfiguration;
			buildSettings = {
				ALWAYS_EMBED_SWIFT_STANDARD_LIBRARIES = YES;
				DEVELOPMENT_TEAM = W4CV76RB68;
				INFOPLIST_FILE = SpringAnimationUITests/Info.plist;
				LD_RUNPATH_SEARCH_PATHS = "$(inherited) @executable_path/Frameworks @loader_path/Frameworks";
				PRODUCT_BUNDLE_IDENTIFIER = com.SpringAnimationUITests;
				PRODUCT_NAME = "$(TARGET_NAME)";
				SWIFT_VERSION = 3.0;
				TEST_TARGET_NAME = SpringAnimation;
			};
			name = Release;
		};
/* End XCBuildConfiguration section */

/* Begin XCConfigurationList section */
		69A6D0601EFCAA3800086F10 /* Build configuration list for PBXProject "SpringAnimation" */ = {
			isa = XCConfigurationList;
			buildConfigurations = (
				69A6D08B1EFCAA3800086F10 /* Debug */,
				69A6D08C1EFCAA3800086F10 /* Release */,
			);
			defaultConfigurationIsVisible = 0;
			defaultConfigurationName = Release;
		};
		69A6D08D1EFCAA3800086F10 /* Build configuration list for PBXNativeTarget "SpringAnimation" */ = {
			isa = XCConfigurationList;
			buildConfigurations = (
				69A6D08E1EFCAA3800086F10 /* Debug */,
				69A6D08F1EFCAA3800086F10 /* Release */,
			);
			defaultConfigurationIsVisible = 0;
		};
		69A6D0901EFCAA3800086F10 /* Build configuration list for PBXNativeTarget "SpringAnimationTests" */ = {
			isa = XCConfigurationList;
			buildConfigurations = (
				69A6D0911EFCAA3800086F10 /* Debug */,
				69A6D0921EFCAA3800086F10 /* Release */,
			);
			defaultConfigurationIsVisible = 0;
		};
		69A6D0931EFCAA3800086F10 /* Build configuration list for PBXNativeTarget "SpringAnimationUITests" */ = {
			isa = XCConfigurationList;
			buildConfigurations = (
				69A6D0941EFCAA3800086F10 /* Debug */,
				69A6D0951EFCAA3800086F10 /* Release */,
			);
			defaultConfigurationIsVisible = 0;
		};
/* End XCConfigurationList section */
	};
	rootObject = 69A6D05D1EFCAA3800086F10 /* Project object */;
}
